
Microsoft Visual Studio Solution File, Format Version 12.00
# Visual Studio Version 17
VisualStudioVersion = 17.9.34616.47
MinimumVisualStudioVersion = 10.0.40219.1
Project("{8BC9CEB8-8B4A-11D0-8D11-00A0C91BC942}") = "Bai01", "Bai01\Bai01.vcxproj", "{CD1D0A7A-0AA0-4D53-BFEA-162FCB3AB0E8}"
EndProject
Project("{8BC9CEB8-8B4A-11D0-8D11-00A0C91BC942}") = "Bai02", "Bai02\Bai02.vcxproj", "{AEDD20C3-47F2-4DA6-8622-7251CF5D3DBD}"
EndProject
Project("{8BC9CEB8-8B4A-11D0-8D11-00A0C91BC942}") = "Bai03", "Bai03\Bai03.vcxproj", "{0B857C3B-0391-4532-AD6D-738E404CC228}"
EndProject
Project("{8BC9CEB8-8B4A-11D0-8D11-00A0C91BC942}") = "Bai04", "Bai04\Bai04.vcxproj", "{46C2FF13-74DD-42F5-A0FE-2320E9C887AA}"
EndProject
Project("{8BC9CEB8-8B4A-11D0-8D11-00A0C91BC942}") = "Bai05", "Bai05\Bai05.vcxproj", "{3A026425-86A5-481E-A26B-89570F0D7E6A}"
EndProject
Project("{8BC9CEB8-8B4A-11D0-8D11-00A0C91BC942}") = "Bai06", "Bai06\Bai06.vcxproj", "{FCB47D92-0770-4452-AD48-647E67C3129B}"
EndProject
Project("{8BC9CEB8-8B4A-11D0-8D11-00A0C91BC942}") = "Bai07", "Bai07\Bai07.vcxproj", "{CF498C3E-A991-4F88-8D35-94C82A794932}"
EndProject
Project("{8BC9CEB8-8B4A-11D0-8D11-00A0C91BC942}") = "Bai08", "Bai08\Bai08.vcxproj", "{B0D3AE27-40BA-4A95-8D8A-9746567BB73F}"
EndProject
Project("{8BC9CEB8-8B4A-11D0-8D11-00A0C91BC942}") = "Bai09", "Bai09\Bai09.vcxproj", "{AA0A6C99-2086-4B53-B64F-528BD7931692}"
EndProject
Global
	GlobalSection(SolutionConfigurationPlatforms) = preSolution
		Debug|x64 = Debug|x64
		Debug|x86 = Debug|x86
		Release|x64 = Release|x64
		Release|x86 = Release|x86
	EndGlobalSection
	GlobalSection(ProjectConfigurationPlatforms) = postSolution
		{CD1D0A7A-0AA0-4D53-BFEA-162FCB3AB0E8}.Debug|x64.ActiveCfg = Debug|x64
		{CD1D0A7A-0AA0-4D53-BFEA-162FCB3AB0E8}.Debug|x64.Build.0 = Debug|x64
		{CD1D0A7A-0AA0-4D53-BFEA-162FCB3AB0E8}.Debug|x86.ActiveCfg = Debug|Win32
		{CD1D0A7A-0AA0-4D53-BFEA-162FCB3AB0E8}.Debug|x86.Build.0 = Debug|Win32
		{CD1D0A7A-0AA0-4D53-BFEA-162FCB3AB0E8}.Release|x64.ActiveCfg = Release|x64
		{CD1D0A7A-0AA0-4D53-BFEA-162FCB3AB0E8}.Release|x64.Build.0 = Release|x64
		{CD1D0A7A-0AA0-4D53-BFEA-162FCB3AB0E8}.Release|x86.ActiveCfg = Release|Win32
		{CD1D0A7A-0AA0-4D53-BFEA-162FCB3AB0E8}.Release|x86.Build.0 = Release|Win32
		{AEDD20C3-47F2-4DA6-8622-7251CF5D3DBD}.Debug|x64.ActiveCfg = Debug|x64
		{AEDD20C3-47F2-4DA6-8622-7251CF5D3DBD}.Debug|x64.Build.0 = Debug|x64
		{AEDD20C3-47F2-4DA6-8622-7251CF5D3DBD}.Debug|x86.ActiveCfg = Debug|Win32
		{AEDD20C3-47F2-4DA6-8622-7251CF5D3DBD}.Debug|x86.Build.0 = Debug|Win32
		{AEDD20C3-47F2-4DA6-8622-7251CF5D3DBD}.Release|x64.ActiveCfg = Release|x64
		{AEDD20C3-47F2-4DA6-8622-7251CF5D3DBD}.Release|x64.Build.0 = Release|x64
		{AEDD20C3-47F2-4DA6-8622-7251CF5D3DBD}.Release|x86.ActiveCfg = Release|Win32
		{AEDD20C3-47F2-4DA6-8622-7251CF5D3DBD}.Release|x86.Build.0 = Release|Win32
		{0B857C3B-0391-4532-AD6D-738E404CC228}.Debug|x64.ActiveCfg = Debug|x64
		{0B857C3B-0391-4532-AD6D-738E404CC228}.Debug|x64.Build.0 = Debug|x64
		{0B857C3B-0391-4532-AD6D-738E404CC228}.Debug|x86.ActiveCfg = Debug|Win32
		{0B857C3B-0391-4532-AD6D-738E404CC228}.Debug|x86.Build.0 = Debug|Win32
		{0B857C3B-0391-4532-AD6D-738E404CC228}.Release|x64.ActiveCfg = Release|x64
		{0B857C3B-0391-4532-AD6D-738E404CC228}.Release|x64.Build.0 = Release|x64
		{0B857C3B-0391-4532-AD6D-738E404CC228}.Release|x86.ActiveCfg = Release|Win32
		{0B857C3B-0391-4532-AD6D-738E404CC228}.Release|x86.Build.0 = Release|Win32
		{46C2FF13-74DD-42F5-A0FE-2320E9C887AA}.Debug|x64.ActiveCfg = Debug|x64
		{46C2FF13-74DD-42F5-A0FE-2320E9C887AA}.Debug|x64.Build.0 = Debug|x64
		{46C2FF13-74DD-42F5-A0FE-2320E9C887AA}.Debug|x86.ActiveCfg = Debug|Win32
		{46C2FF13-74DD-42F5-A0FE-2320E9C887AA}.Debug|x86.Build.0 = Debug|Win32
		{46C2FF13-74DD-42F5-A0FE-2320E9C887AA}.Release|x64.ActiveCfg = Release|x64
		{46C2FF13-74DD-42F5-A0FE-2320E9C887AA}.Release|x64.Build.0 = Release|x64
		{46C2FF13-74DD-42F5-A0FE-2320E9C887AA}.Release|x86.ActiveCfg = Release|Win32
		{46C2FF13-74DD-42F5-A0FE-2320E9C887AA}.Release|x86.Build.0 = Release|Win32
		{3A026425-86A5-481E-A26B-89570F0D7E6A}.Debug|x64.ActiveCfg = Debug|x64
		{3A026425-86A5-481E-A26B-89570F0D7E6A}.Debug|x64.Build.0 = Debug|x64
		{3A026425-86A5-481E-A26B-89570F0D7E6A}.Debug|x86.ActiveCfg = Debug|Win32
		{3A026425-86A5-481E-A26B-89570F0D7E6A}.Debug|x86.Build.0 = Debug|Win32
		{3A026425-86A5-481E-A26B-89570F0D7E6A}.Release|x64.ActiveCfg = Release|x64
		{3A026425-86A5-481E-A26B-89570F0D7E6A}.Release|x64.Build.0 = Release|x64
		{3A026425-86A5-481E-A26B-89570F0D7E6A}.Release|x86.ActiveCfg = Release|Win32
		{3A026425-86A5-481E-A26B-89570F0D7E6A}.Release|x86.Build.0 = Release|Win32
		{FCB47D92-0770-4452-AD48-647E67C3129B}.Debug|x64.ActiveCfg = Debug|x64
		{FCB47D92-0770-4452-AD48-647E67C3129B}.Debug|x64.Build.0 = Debug|x64
		{FCB47D92-0770-4452-AD48-647E67C3129B}.Debug|x86.ActiveCfg = Debug|Win32
		{FCB47D92-0770-4452-AD48-647E67C3129B}.Debug|x86.Build.0 = Debug|Win32
		{FCB47D92-0770-4452-AD48-647E67C3129B}.Release|x64.ActiveCfg = Release|x64
		{FCB47D92-0770-4452-AD48-647E67C3129B}.Release|x64.Build.0 = Release|x64
		{FCB47D92-0770-4452-AD48-647E67C3129B}.Release|x86.ActiveCfg = Release|Win32
		{FCB47D92-0770-4452-AD48-647E67C3129B}.Release|x86.Build.0 = Release|Win32
		{CF498C3E-A991-4F88-8D35-94C82A794932}.Debug|x64.ActiveCfg = Debug|x64
		{CF498C3E-A991-4F88-8D35-94C82A794932}.Debug|x64.Build.0 = Debug|x64
		{CF498C3E-A991-4F88-8D35-94C82A794932}.Debug|x86.ActiveCfg = Debug|Win32
		{CF498C3E-A991-4F88-8D35-94C82A794932}.Debug|x86.Build.0 = Debug|Win32
		{CF498C3E-A991-4F88-8D35-94C82A794932}.Release|x64.ActiveCfg = Release|x64
		{CF498C3E-A991-4F88-8D35-94C82A794932}.Release|x64.Build.0 = Release|x64
		{CF498C3E-A991-4F88-8D35-94C82A794932}.Release|x86.ActiveCfg = Release|Win32
		{CF498C3E-A991-4F88-8D35-94C82A794932}.Release|x86.Build.0 = Release|Win32
		{B0D3AE27-40BA-4A95-8D8A-9746567BB73F}.Debug|x64.ActiveCfg = Debug|x64
		{B0D3AE27-40BA-4A95-8D8A-9746567BB73F}.Debug|x64.Build.0 = Debug|x64
		{B0D3AE27-40BA-4A95-8D8A-9746567BB73F}.Debug|x86.ActiveCfg = Debug|Win32
		{B0D3AE27-40BA-4A95-8D8A-9746567BB73F}.Debug|x86.Build.0 = Debug|Win32
		{B0D3AE27-40BA-4A95-8D8A-9746567BB73F}.Release|x64.ActiveCfg = Release|x64
		{B0D3AE27-40BA-4A95-8D8A-9746567BB73F}.Release|x64.Build.0 = Release|x64
		{B0D3AE27-40BA-4A95-8D8A-9746567BB73F}.Release|x86.ActiveCfg = Release|Win32
		{B0D3AE27-40BA-4A95-8D8A-9746567BB73F}.Release|x86.Build.0 = Release|Win32
		{AA0A6C99-2086-4B53-B64F-528BD7931692}.Debug|x64.ActiveCfg = Debug|x64
		{AA0A6C99-2086-4B53-B64F-528BD7931692}.Debug|x64.Build.0 = Debug|x64
		{AA0A6C99-2086-4B53-B64F-528BD7931692}.Debug|x86.ActiveCfg = Debug|Win32
		{AA0A6C99-2086-4B53-B64F-528BD7931692}.Debug|x86.Build.0 = Debug|Win32
		{AA0A6C99-2086-4B53-B64F-528BD7931692}.Release|x64.ActiveCfg = Release|x64
		{AA0A6C99-2086-4B53-B64F-528BD7931692}.Release|x64.Build.0 = Release|x64
		{AA0A6C99-2086-4B53-B64F-528BD7931692}.Release|x86.ActiveCfg = Release|Win32
		{AA0A6C99-2086-4B53-B64F-528BD7931692}.Release|x86.Build.0 = Release|Win32
	EndGlobalSection
	GlobalSection(SolutionProperties) = preSolution
		HideSolutionNode = FALSE
	EndGlobalSection
	GlobalSection(ExtensibilityGlobals) = postSolution
		SolutionGuid = {D09609EF-BF4B-4125-8132-8DD57E0C61B1}
	EndGlobalSection
EndGlobal
